
Microsoft Visual Studio Solution File, Format Version 12.00
# Visual Studio Version 17
VisualStudioVersion = 17.7.34009.444
MinimumVisualStudioVersion = 10.0.40219.1
Project("{FAE04EC0-301F-11D3-BF4B-00C04F79EFBC}") = "BoutiqueProject", "BoutiqueProject\BoutiqueProject.csproj", "{4C249B56-732A-47FB-8CF3-384117947E1F}"
EndProject
Global
	GlobalSection(SolutionConfigurationPlatforms) = preSolution
		Debug|Any CPU = Debug|Any CPU
		Release|Any CPU = Release|Any CPU
	EndGlobalSection
	GlobalSection(ProjectConfigurationPlatforms) = postSolution
		{4C249B56-732A-47FB-8CF3-384117947E1F}.Debug|Any CPU.ActiveCfg = Debug|Any CPU
		{4C249B56-732A-47FB-8CF3-384117947E1F}.Debug|Any CPU.Build.0 = Debug|Any CPU
		{4C249B56-732A-47FB-8CF3-384117947E1F}.Release|Any CPU.ActiveCfg = Release|Any CPU
		{4C249B56-732A-47FB-8CF3-384117947E1F}.Release|Any CPU.Build.0 = Release|Any CPU
	EndGlobalSection
	GlobalSection(SolutionProperties) = preSolution
		HideSolutionNode = FALSE
	EndGlobalSection
	GlobalSection(ExtensibilityGlobals) = postSolution
		SolutionGuid = {E9A6817C-7604-4174-A22E-17277821F559}
	EndGlobalSection
EndGlobal
